
Microsoft Visual Studio Solution File, Format Version 12.00
# Visual Studio Version 17
VisualStudioVersion = 17.2.32526.322
MinimumVisualStudioVersion = 10.0.40219.1
Project("{8BC9CEB8-8B4A-11D0-8D11-00A0C91BC942}") = "prog", "prog.vcxproj", "{60DA4338-DDC0-492A-A0D5-7018AC07B939}"
EndProject
Global
	GlobalSection(SolutionConfigurationPlatforms) = preSolution
		Debug|x64 = Debug|x64
		Debug|x86 = Debug|x86
		Release|x64 = Release|x64
		Release|x86 = Release|x86
	EndGlobalSection
	GlobalSection(ProjectConfigurationPlatforms) = postSolution
		{60DA4338-DDC0-492A-A0D5-7018AC07B939}.Debug|x64.ActiveCfg = Debug|x64
		{60DA4338-DDC0-492A-A0D5-7018AC07B939}.Debug|x64.Build.0 = Debug|x64
		{60DA4338-DDC0-492A-A0D5-7018AC07B939}.Debug|x86.ActiveCfg = Debug|Win32
		{60DA4338-DDC0-492A-A0D5-7018AC07B939}.Debug|x86.Build.0 = Debug|Win32
		{60DA4338-DDC0-492A-A0D5-7018AC07B939}.Release|x64.ActiveCfg = Release|x64
		{60DA4338-DDC0-492A-A0D5-7018AC07B939}.Release|x64.Build.0 = Release|x64
		{60DA4338-DDC0-492A-A0D5-7018AC07B939}.Release|x86.ActiveCfg = Release|Win32
		{60DA4338-DDC0-492A-A0D5-7018AC07B939}.Release|x86.Build.0 = Release|Win32
	EndGlobalSection
	GlobalSection(SolutionProperties) = preSolution
		HideSolutionNode = FALSE
	EndGlobalSection
	GlobalSection(ExtensibilityGlobals) = postSolution
		SolutionGuid = {EABC4E89-ACFF-48E5-A449-FC1150651B62}
	EndGlobalSection
EndGlobal
